
Microsoft Visual Studio Solution File, Format Version 12.00
# Visual Studio Version 16
VisualStudioVersion = 16.0.29324.140
MinimumVisualStudioVersion = 10.0.40219.1
Project("{FAE04EC0-301F-11D3-BF4B-00C04F79EFBC}") = "HospitalManagementSystem", "HospitalManagementSystem\HospitalManagementSystem.csproj", "{46A6F6ED-9BBC-4808-B6E3-AF635D519FB4}"
EndProject
Global
	GlobalSection(SolutionConfigurationPlatforms) = preSolution
		Debug|Any CPU = Debug|Any CPU
		Release|Any CPU = Release|Any CPU
	EndGlobalSection
	GlobalSection(ProjectConfigurationPlatforms) = postSolution
		{46A6F6ED-9BBC-4808-B6E3-AF635D519FB4}.Debug|Any CPU.ActiveCfg = Debug|Any CPU
		{46A6F6ED-9BBC-4808-B6E3-AF635D519FB4}.Debug|Any CPU.Build.0 = Debug|Any CPU
		{46A6F6ED-9BBC-4808-B6E3-AF635D519FB4}.Release|Any CPU.ActiveCfg = Release|Any CPU
		{46A6F6ED-9BBC-4808-B6E3-AF635D519FB4}.Release|Any CPU.Build.0 = Release|Any CPU
	EndGlobalSection
	GlobalSection(SolutionProperties) = preSolution
		HideSolutionNode = FALSE
	EndGlobalSection
	GlobalSection(ExtensibilityGlobals) = postSolution
		SolutionGuid = {7FC1F8CD-1DDC-4375-90F2-26B2D5A8B711}
	EndGlobalSection
EndGlobal
